Microsoft Visual Studio Solution File, Format Version 12.00
# Visual Studio Version 17
VisualStudioVersion = 17.5.2.0
MinimumVisualStudioVersion = 10.0.40219.1
Project("{FAE04EC0-301F-11D3-BF4B-00C04F79EFBC}") = "HttpPollClient", "HttpPollClient.csproj", "{160DBCB4-CC33-3084-D6ED-72E944E94984}"
EndProject
Global
	GlobalSection(SolutionConfigurationPlatforms) = preSolution
		Debug|Any CPU = Debug|Any CPU
		Release|Any CPU = Release|Any CPU
	EndGlobalSection
	GlobalSection(ProjectConfigurationPlatforms) = postSolution
		{160DBCB4-CC33-3084-D6ED-72E944E94984}.Debug|Any CPU.ActiveCfg = Debug|Any CPU
		{160DBCB4-CC33-3084-D6ED-72E944E94984}.Debug|Any CPU.Build.0 = Debug|Any CPU
		{160DBCB4-CC33-3084-D6ED-72E944E94984}.Release|Any CPU.ActiveCfg = Release|Any CPU
		{160DBCB4-CC33-3084-D6ED-72E944E94984}.Release|Any CPU.Build.0 = Release|Any CPU
	EndGlobalSection
	GlobalSection(SolutionProperties) = preSolution
		HideSolutionNode = FALSE
	EndGlobalSection
	GlobalSection(ExtensibilityGlobals) = postSolution
		SolutionGuid = {E08F3C8F-F274-4D2A-A48B-8F124797A4E0}
	EndGlobalSection
EndGlobal
